
Microsoft Visual Studio Solution File, Format Version 12.00
# Visual Studio Version 17
VisualStudioVersion = 17.5.33530.505
MinimumVisualStudioVersion = 10.0.40219.1
Project("{9A19103F-16F7-4668-BE54-9A1E7A4F7556}") = "Store", "Store\Store.csproj", "{D37A063B-915F-49D8-A83C-B7E401276C8A}"
EndProject
Project("{9A19103F-16F7-4668-BE54-9A1E7A4F7556}") = "Repositories", "Repositories\Repositories.csproj", "{95C79CD2-A413-43E9-B902-CF140BF03637}"
EndProject
Project("{9A19103F-16F7-4668-BE54-9A1E7A4F7556}") = "Services", "Services\Services.csproj", "{E48ED986-4233-4842-931B-0ACCEC75E8DB}"
EndProject
Project("{FAE04EC0-301F-11D3-BF4B-00C04F79EFBC}") = "Entities", "Entities\Entities.csproj", "{07107F4B-0B49-4C35-ABC1-54265929E5C7}"
EndProject
Global
	GlobalSection(SolutionConfigurationPlatforms) = preSolution
		Debug|Any CPU = Debug|Any CPU
		Release|Any CPU = Release|Any CPU
	EndGlobalSection
	GlobalSection(ProjectConfigurationPlatforms) = postSolution
		{D37A063B-915F-49D8-A83C-B7E401276C8A}.Debug|Any CPU.ActiveCfg = Debug|Any CPU
		{D37A063B-915F-49D8-A83C-B7E401276C8A}.Debug|Any CPU.Build.0 = Debug|Any CPU
		{D37A063B-915F-49D8-A83C-B7E401276C8A}.Release|Any CPU.ActiveCfg = Release|Any CPU
		{D37A063B-915F-49D8-A83C-B7E401276C8A}.Release|Any CPU.Build.0 = Release|Any CPU
		{95C79CD2-A413-43E9-B902-CF140BF03637}.Debug|Any CPU.ActiveCfg = Debug|Any CPU
		{95C79CD2-A413-43E9-B902-CF140BF03637}.Debug|Any CPU.Build.0 = Debug|Any CPU
		{95C79CD2-A413-43E9-B902-CF140BF03637}.Release|Any CPU.ActiveCfg = Release|Any CPU
		{95C79CD2-A413-43E9-B902-CF140BF03637}.Release|Any CPU.Build.0 = Release|Any CPU
		{E48ED986-4233-4842-931B-0ACCEC75E8DB}.Debug|Any CPU.ActiveCfg = Debug|Any CPU
		{E48ED986-4233-4842-931B-0ACCEC75E8DB}.Debug|Any CPU.Build.0 = Debug|Any CPU
		{E48ED986-4233-4842-931B-0ACCEC75E8DB}.Release|Any CPU.ActiveCfg = Release|Any CPU
		{E48ED986-4233-4842-931B-0ACCEC75E8DB}.Release|Any CPU.Build.0 = Release|Any CPU
		{07107F4B-0B49-4C35-ABC1-54265929E5C7}.Debug|Any CPU.ActiveCfg = Debug|Any CPU
		{07107F4B-0B49-4C35-ABC1-54265929E5C7}.Debug|Any CPU.Build.0 = Debug|Any CPU
		{07107F4B-0B49-4C35-ABC1-54265929E5C7}.Release|Any CPU.ActiveCfg = Release|Any CPU
		{07107F4B-0B49-4C35-ABC1-54265929E5C7}.Release|Any CPU.Build.0 = Release|Any CPU
	EndGlobalSection
	GlobalSection(SolutionProperties) = preSolution
		HideSolutionNode = FALSE
	EndGlobalSection
	GlobalSection(ExtensibilityGlobals) = postSolution
		SolutionGuid = {1D6FFB7E-D089-4080-80D5-BA0B4B7EAF5F}
	EndGlobalSection
EndGlobal
